
Microsoft Visual Studio Solution File, Format Version 12.00
# Visual Studio 15
VisualStudioVersion = 15.0.28307.136
MinimumVisualStudioVersion = 10.0.40219.1
Project("{FAE04EC0-301F-11D3-BF4B-00C04F79EFBC}") = "MasterConverterGUI", "MasterConverterGUI.csproj", "{0067F532-EA24-4211-AC16-EDE4D6455D17}"
EndProject
Global
	GlobalSection(SolutionConfigurationPlatforms) = preSolution
		Debug|Any CPU = Debug|Any CPU
		Release|Any CPU = Release|Any CPU
	EndGlobalSection
	GlobalSection(ProjectConfigurationPlatforms) = postSolution
		{0067F532-EA24-4211-AC16-EDE4D6455D17}.Debug|Any CPU.ActiveCfg = Debug|Any CPU
		{0067F532-EA24-4211-AC16-EDE4D6455D17}.Debug|Any CPU.Build.0 = Debug|Any CPU
		{0067F532-EA24-4211-AC16-EDE4D6455D17}.Release|Any CPU.ActiveCfg = Release|Any CPU
		{0067F532-EA24-4211-AC16-EDE4D6455D17}.Release|Any CPU.Build.0 = Release|Any CPU
	EndGlobalSection
	GlobalSection(SolutionProperties) = preSolution
		HideSolutionNode = FALSE
	EndGlobalSection
	GlobalSection(ExtensibilityGlobals) = postSolution
		SolutionGuid = {D5A828DE-3F90-4EDB-8719-D862B87F94FF}
	EndGlobalSection
EndGlobal
